
Microsoft Visual Studio Solution File, Format Version 12.00
# Visual Studio Version 16
VisualStudioVersion = 16.0.30128.74
MinimumVisualStudioVersion = 10.0.40219.1
Project("{FAE04EC0-301F-11D3-BF4B-00C04F79EFBC}") = "MSBuildSample", "MSBuildSample\MSBuildSample.csproj", "{62DF1CAF-51EE-4F6A-8B01-59BFB182232A}"
EndProject
Project("{FAE04EC0-301F-11D3-BF4B-00C04F79EFBC}") = "ConsoleApp", "ConsoleApp\ConsoleApp.csproj", "{8823B8B5-6D36-4C84-8F2D-1C524E706A1A}"
EndProject
Project("{FAE04EC0-301F-11D3-BF4B-00C04F79EFBC}") = "MyTask", "MyTask\MyTask.csproj", "{AE011119-11B0-4CAC-9330-59F99DE636C2}"
EndProject
Project("{FAE04EC0-301F-11D3-BF4B-00C04F79EFBC}") = "MonoCecilSample", "MonoCecilSample\MonoCecilSample.csproj", "{20CB6602-092B-453D-94CA-1EE7C0B5F0F4}"
EndProject
Global
	GlobalSection(SolutionConfigurationPlatforms) = preSolution
		Debug|Any CPU = Debug|Any CPU
		Release|Any CPU = Release|Any CPU
	EndGlobalSection
	GlobalSection(ProjectConfigurationPlatforms) = postSolution
		{62DF1CAF-51EE-4F6A-8B01-59BFB182232A}.Debug|Any CPU.ActiveCfg = Debug|Any CPU
		{62DF1CAF-51EE-4F6A-8B01-59BFB182232A}.Debug|Any CPU.Build.0 = Debug|Any CPU
		{62DF1CAF-51EE-4F6A-8B01-59BFB182232A}.Release|Any CPU.ActiveCfg = Release|Any CPU
		{62DF1CAF-51EE-4F6A-8B01-59BFB182232A}.Release|Any CPU.Build.0 = Release|Any CPU
		{8823B8B5-6D36-4C84-8F2D-1C524E706A1A}.Debug|Any CPU.ActiveCfg = Debug|Any CPU
		{8823B8B5-6D36-4C84-8F2D-1C524E706A1A}.Debug|Any CPU.Build.0 = Debug|Any CPU
		{8823B8B5-6D36-4C84-8F2D-1C524E706A1A}.Release|Any CPU.ActiveCfg = Release|Any CPU
		{8823B8B5-6D36-4C84-8F2D-1C524E706A1A}.Release|Any CPU.Build.0 = Release|Any CPU
		{AE011119-11B0-4CAC-9330-59F99DE636C2}.Debug|Any CPU.ActiveCfg = Debug|Any CPU
		{AE011119-11B0-4CAC-9330-59F99DE636C2}.Debug|Any CPU.Build.0 = Debug|Any CPU
		{AE011119-11B0-4CAC-9330-59F99DE636C2}.Release|Any CPU.ActiveCfg = Release|Any CPU
		{AE011119-11B0-4CAC-9330-59F99DE636C2}.Release|Any CPU.Build.0 = Release|Any CPU
		{20CB6602-092B-453D-94CA-1EE7C0B5F0F4}.Debug|Any CPU.ActiveCfg = Debug|Any CPU
		{20CB6602-092B-453D-94CA-1EE7C0B5F0F4}.Debug|Any CPU.Build.0 = Debug|Any CPU
		{20CB6602-092B-453D-94CA-1EE7C0B5F0F4}.Release|Any CPU.ActiveCfg = Release|Any CPU
		{20CB6602-092B-453D-94CA-1EE7C0B5F0F4}.Release|Any CPU.Build.0 = Release|Any CPU
	EndGlobalSection
	GlobalSection(SolutionProperties) = preSolution
		HideSolutionNode = FALSE
	EndGlobalSection
	GlobalSection(ExtensibilityGlobals) = postSolution
		SolutionGuid = {9C263534-00AB-4277-8987-D4C33B6B8FD5}
	EndGlobalSection
EndGlobal
